
Microsoft Visual Studio Solution File, Format Version 12.00
# Visual Studio Version 17
VisualStudioVersion = 17.3.32825.248
MinimumVisualStudioVersion = 10.0.40219.1
Project("{FAE04EC0-301F-11D3-BF4B-00C04F79EFBC}") = "WinAppDriver_BootCamp_001", "WinAppDriver_BootCamp_001\WinAppDriver_BootCamp_001.csproj", "{53E13550-ADD2-4EC1-9F48-FF4610F4D2A8}"
EndProject
Global
	GlobalSection(SolutionConfigurationPlatforms) = preSolution
		Debug|Any CPU = Debug|Any CPU
		Release|Any CPU = Release|Any CPU
	EndGlobalSection
	GlobalSection(ProjectConfigurationPlatforms) = postSolution
		{53E13550-ADD2-4EC1-9F48-FF4610F4D2A8}.Debug|Any CPU.ActiveCfg = Debug|Any CPU
		{53E13550-ADD2-4EC1-9F48-FF4610F4D2A8}.Debug|Any CPU.Build.0 = Debug|Any CPU
		{53E13550-ADD2-4EC1-9F48-FF4610F4D2A8}.Release|Any CPU.ActiveCfg = Release|Any CPU
		{53E13550-ADD2-4EC1-9F48-FF4610F4D2A8}.Release|Any CPU.Build.0 = Release|Any CPU
	EndGlobalSection
	GlobalSection(SolutionProperties) = preSolution
		HideSolutionNode = FALSE
	EndGlobalSection
	GlobalSection(ExtensibilityGlobals) = postSolution
		SolutionGuid = {9B5CCF29-CD98-49CF-87DC-EB58B38B52D2}
	EndGlobalSection
EndGlobal
